
Microsoft Visual Studio Solution File, Format Version 12.00
# Visual Studio Version 16
VisualStudioVersion = 16.0.31410.357
MinimumVisualStudioVersion = 10.0.40219.1
Project("{2150E333-8FDC-42A3-9474-1A3956D46DE8}") = "Services", "Services", "{4A7461C2-1F74-4A88-AC04-66BEF4AFD185}"
EndProject
Project("{2150E333-8FDC-42A3-9474-1A3956D46DE8}") = "Catalog", "Catalog", "{67C3F084-F172-4141-93EF-1C545F07E4A6}"
EndProject
Global
	GlobalSection(SolutionProperties) = preSolution
		HideSolutionNode = FALSE
	EndGlobalSection
	GlobalSection(NestedProjects) = preSolution
		{67C3F084-F172-4141-93EF-1C545F07E4A6} = {4A7461C2-1F74-4A88-AC04-66BEF4AFD185}
	EndGlobalSection
	GlobalSection(ExtensibilityGlobals) = postSolution
		SolutionGuid = {46FFFB36-63D6-492F-98BF-6F2D794417D0}
	EndGlobalSection
EndGlobal
