
Microsoft Visual Studio Solution File, Format Version 12.00
# Visual Studio Version 16
VisualStudioVersion = 16.0.31410.357
MinimumVisualStudioVersion = 10.0.40219.1
Project("{2150E333-8FDC-42A3-9474-1A3956D46DE8}") = "Services", "Services", "{4A7461C2-1F74-4A88-AC04-66BEF4AFD185}"
EndProject
Project("{2150E333-8FDC-42A3-9474-1A3956D46DE8}") = "Catalog", "Catalog", "{67C3F084-F172-4141-93EF-1C545F07E4A6}"
EndProject
Project("{9A19103F-16F7-4668-BE54-9A1E7A4F7556}") = "Catalog.API", "Services\Catalog\Catalog.API\Catalog.API.csproj", "{64CABF51-EA0C-4081-8E13-F6AE32D28ADC}"
EndProject
Project("{E53339B2-1760-4266-BCC7-CA923CBCF16C}") = "docker-compose", "docker-compose.dcproj", "{8ECD0BD9-6912-4550-A4DD-01C24F9BC1F8}"
EndProject
Project("{2150E333-8FDC-42A3-9474-1A3956D46DE8}") = "Basket", "Basket", "{A5B7398C-A810-4D6F-AB37-C9CF828951E5}"
EndProject
Project("{9A19103F-16F7-4668-BE54-9A1E7A4F7556}") = "Basket.API", "Services\Basket\Basket.API\Basket.API.csproj", "{BF5815B5-8BD1-4BBD-8981-DAD238468729}"
EndProject
Project("{2150E333-8FDC-42A3-9474-1A3956D46DE8}") = "Discount", "Discount", "{2A752708-A0D8-455B-AAAC-951FEF1606DB}"
EndProject
Project("{9A19103F-16F7-4668-BE54-9A1E7A4F7556}") = "Discount.API", "Services\Discount\Discount.API\Discount.API.csproj", "{65CB75E8-5671-4870-8DCF-109DFD6D8DC8}"
EndProject
Project("{9A19103F-16F7-4668-BE54-9A1E7A4F7556}") = "Discount.Grpc", "Services\Discount\Discount.Grpc\Discount.Grpc.csproj", "{2E6BC3B0-DB3D-4E16-8D40-79C962B8CD14}"
EndProject
Global
	GlobalSection(SolutionConfigurationPlatforms) = preSolution
		Debug|Any CPU = Debug|Any CPU
		Release|Any CPU = Release|Any CPU
	EndGlobalSection
	GlobalSection(ProjectConfigurationPlatforms) = postSolution
		{64CABF51-EA0C-4081-8E13-F6AE32D28ADC}.Debug|Any CPU.ActiveCfg = Debug|Any CPU
		{64CABF51-EA0C-4081-8E13-F6AE32D28ADC}.Debug|Any CPU.Build.0 = Debug|Any CPU
		{64CABF51-EA0C-4081-8E13-F6AE32D28ADC}.Release|Any CPU.ActiveCfg = Release|Any CPU
		{64CABF51-EA0C-4081-8E13-F6AE32D28ADC}.Release|Any CPU.Build.0 = Release|Any CPU
		{8ECD0BD9-6912-4550-A4DD-01C24F9BC1F8}.Debug|Any CPU.ActiveCfg = Debug|Any CPU
		{8ECD0BD9-6912-4550-A4DD-01C24F9BC1F8}.Debug|Any CPU.Build.0 = Debug|Any CPU
		{8ECD0BD9-6912-4550-A4DD-01C24F9BC1F8}.Release|Any CPU.ActiveCfg = Release|Any CPU
		{8ECD0BD9-6912-4550-A4DD-01C24F9BC1F8}.Release|Any CPU.Build.0 = Release|Any CPU
		{BF5815B5-8BD1-4BBD-8981-DAD238468729}.Debug|Any CPU.ActiveCfg = Debug|Any CPU
		{BF5815B5-8BD1-4BBD-8981-DAD238468729}.Debug|Any CPU.Build.0 = Debug|Any CPU
		{BF5815B5-8BD1-4BBD-8981-DAD238468729}.Release|Any CPU.ActiveCfg = Release|Any CPU
		{BF5815B5-8BD1-4BBD-8981-DAD238468729}.Release|Any CPU.Build.0 = Release|Any CPU
		{65CB75E8-5671-4870-8DCF-109DFD6D8DC8}.Debug|Any CPU.ActiveCfg = Debug|Any CPU
		{65CB75E8-5671-4870-8DCF-109DFD6D8DC8}.Debug|Any CPU.Build.0 = Debug|Any CPU
		{65CB75E8-5671-4870-8DCF-109DFD6D8DC8}.Release|Any CPU.ActiveCfg = Release|Any CPU
		{65CB75E8-5671-4870-8DCF-109DFD6D8DC8}.Release|Any CPU.Build.0 = Release|Any CPU
		{2E6BC3B0-DB3D-4E16-8D40-79C962B8CD14}.Debug|Any CPU.ActiveCfg = Debug|Any CPU
		{2E6BC3B0-DB3D-4E16-8D40-79C962B8CD14}.Debug|Any CPU.Build.0 = Debug|Any CPU
		{2E6BC3B0-DB3D-4E16-8D40-79C962B8CD14}.Release|Any CPU.ActiveCfg = Release|Any CPU
		{2E6BC3B0-DB3D-4E16-8D40-79C962B8CD14}.Release|Any CPU.Build.0 = Release|Any CPU
	EndGlobalSection
	GlobalSection(SolutionProperties) = preSolution
		HideSolutionNode = FALSE
	EndGlobalSection
	GlobalSection(NestedProjects) = preSolution
		{67C3F084-F172-4141-93EF-1C545F07E4A6} = {4A7461C2-1F74-4A88-AC04-66BEF4AFD185}
		{64CABF51-EA0C-4081-8E13-F6AE32D28ADC} = {67C3F084-F172-4141-93EF-1C545F07E4A6}
		{A5B7398C-A810-4D6F-AB37-C9CF828951E5} = {4A7461C2-1F74-4A88-AC04-66BEF4AFD185}
		{BF5815B5-8BD1-4BBD-8981-DAD238468729} = {A5B7398C-A810-4D6F-AB37-C9CF828951E5}
		{2A752708-A0D8-455B-AAAC-951FEF1606DB} = {4A7461C2-1F74-4A88-AC04-66BEF4AFD185}
		{65CB75E8-5671-4870-8DCF-109DFD6D8DC8} = {2A752708-A0D8-455B-AAAC-951FEF1606DB}
		{2E6BC3B0-DB3D-4E16-8D40-79C962B8CD14} = {2A752708-A0D8-455B-AAAC-951FEF1606DB}
	EndGlobalSection
	GlobalSection(ExtensibilityGlobals) = postSolution
		SolutionGuid = {46FFFB36-63D6-492F-98BF-6F2D794417D0}
	EndGlobalSection
EndGlobal
